
Microsoft Visual Studio Solution File, Format Version 12.00
# Visual Studio Version 17
VisualStudioVersion = 17.11.35327.3
MinimumVisualStudioVersion = 10.0.40219.1
Project("{FAE04EC0-301F-11D3-BF4B-00C04F79EFBC}") = "CourseWorkMonitoring", "CourseWorkMonitoring\CourseWorkMonitoring.csproj", "{A6E85108-E322-45E0-8B21-20FA2CCFF2F1}"
EndProject
Project("{FAE04EC0-301F-11D3-BF4B-00C04F79EFBC}") = "CourseWorkServer", "CourseWorkServer\CourseWorkServer.csproj", "{F136B738-59E1-4DEF-9351-BE7C66DF5EED}"
EndProject
Global
	GlobalSection(SolutionConfigurationPlatforms) = preSolution
		Debug|Any CPU = Debug|Any CPU
		Release|Any CPU = Release|Any CPU
	EndGlobalSection
	GlobalSection(ProjectConfigurationPlatforms) = postSolution
		{A6E85108-E322-45E0-8B21-20FA2CCFF2F1}.Debug|Any CPU.ActiveCfg = Debug|Any CPU
		{A6E85108-E322-45E0-8B21-20FA2CCFF2F1}.Debug|Any CPU.Build.0 = Debug|Any CPU
		{A6E85108-E322-45E0-8B21-20FA2CCFF2F1}.Release|Any CPU.ActiveCfg = Release|Any CPU
		{A6E85108-E322-45E0-8B21-20FA2CCFF2F1}.Release|Any CPU.Build.0 = Release|Any CPU
		{F136B738-59E1-4DEF-9351-BE7C66DF5EED}.Debug|Any CPU.ActiveCfg = Debug|Any CPU
		{F136B738-59E1-4DEF-9351-BE7C66DF5EED}.Debug|Any CPU.Build.0 = Debug|Any CPU
		{F136B738-59E1-4DEF-9351-BE7C66DF5EED}.Release|Any CPU.ActiveCfg = Release|Any CPU
		{F136B738-59E1-4DEF-9351-BE7C66DF5EED}.Release|Any CPU.Build.0 = Release|Any CPU
	EndGlobalSection
	GlobalSection(SolutionProperties) = preSolution
		HideSolutionNode = FALSE
	EndGlobalSection
	GlobalSection(ExtensibilityGlobals) = postSolution
		SolutionGuid = {442F56E2-3FD1-49C2-91DA-277DB47DF4D0}
	EndGlobalSection
EndGlobal
